
Microsoft Visual Studio Solution File, Format Version 12.00
# Visual Studio Version 16
VisualStudioVersion = 16.0.28803.352
MinimumVisualStudioVersion = 10.0.40219.1
Project("{FAE04EC0-301F-11D3-BF4B-00C04F79EFBC}") = "HelloAngularApp", "HelloAngularApp\HelloAngularApp.csproj", "{D2339D9A-678E-4817-8D5F-0CD2771DDF30}"
EndProject
Global
	GlobalSection(SolutionConfigurationPlatforms) = preSolution
		Debug|Any CPU = Debug|Any CPU
		Release|Any CPU = Release|Any CPU
	EndGlobalSection
	GlobalSection(ProjectConfigurationPlatforms) = postSolution
		{D2339D9A-678E-4817-8D5F-0CD2771DDF30}.Debug|Any CPU.ActiveCfg = Debug|Any CPU
		{D2339D9A-678E-4817-8D5F-0CD2771DDF30}.Debug|Any CPU.Build.0 = Debug|Any CPU
		{D2339D9A-678E-4817-8D5F-0CD2771DDF30}.Release|Any CPU.ActiveCfg = Release|Any CPU
		{D2339D9A-678E-4817-8D5F-0CD2771DDF30}.Release|Any CPU.Build.0 = Release|Any CPU
	EndGlobalSection
	GlobalSection(SolutionProperties) = preSolution
		HideSolutionNode = FALSE
	EndGlobalSection
	GlobalSection(ExtensibilityGlobals) = postSolution
		SolutionGuid = {059DAC49-0A38-483B-BCF0-913762DD3751}
	EndGlobalSection
EndGlobal
